
Microsoft Visual Studio Solution File, Format Version 12.00
# Visual Studio Version 17
VisualStudioVersion = 17.4.33205.214
MinimumVisualStudioVersion = 10.0.40219.1
Project("{FAE04EC0-301F-11D3-BF4B-00C04F79EFBC}") = "2.spongebob", "2.spongebob\2.spongebob.csproj", "{7DA9B84F-B5B2-4A8A-BDC7-65D46FC09330}"
EndProject
Global
	GlobalSection(SolutionConfigurationPlatforms) = preSolution
		Debug|Any CPU = Debug|Any CPU
		Release|Any CPU = Release|Any CPU
	EndGlobalSection
	GlobalSection(ProjectConfigurationPlatforms) = postSolution
		{7DA9B84F-B5B2-4A8A-BDC7-65D46FC09330}.Debug|Any CPU.ActiveCfg = Debug|Any CPU
		{7DA9B84F-B5B2-4A8A-BDC7-65D46FC09330}.Debug|Any CPU.Build.0 = Debug|Any CPU
		{7DA9B84F-B5B2-4A8A-BDC7-65D46FC09330}.Release|Any CPU.ActiveCfg = Release|Any CPU
		{7DA9B84F-B5B2-4A8A-BDC7-65D46FC09330}.Release|Any CPU.Build.0 = Release|Any CPU
	EndGlobalSection
	GlobalSection(SolutionProperties) = preSolution
		HideSolutionNode = FALSE
	EndGlobalSection
	GlobalSection(ExtensibilityGlobals) = postSolution
		SolutionGuid = {90625060-F6AB-4307-A6DA-1BF26EFBD553}
	EndGlobalSection
EndGlobal
